
Microsoft Visual Studio Solution File, Format Version 12.00
# Visual Studio 2015
Project("{FAE04EC0-301F-11D3-BF4B-00C04F79EFBC}") = "Mythe.CSharp", "Mythe.CSharp.csproj", "{D9F87754-A366-96FA-CB92-6484975D582A}"
EndProject
Project("{FAE04EC0-301F-11D3-BF4B-00C04F79EFBC}") = "Mythe.CSharp.Editor", "Mythe.CSharp.Editor.csproj", "{A82DCC7B-72FB-6E94-37CD-D2F4285C109B}"
EndProject
Global
	GlobalSection(SolutionConfigurationPlatforms) = preSolution
		Debug|Any CPU = Debug|Any CPU
		Release|Any CPU = Release|Any CPU
	EndGlobalSection
	GlobalSection(ProjectConfigurationPlatforms) = postSolution
		{D9F87754-A366-96FA-CB92-6484975D582A}.Debug|Any CPU.ActiveCfg = Debug|Any CPU
		{D9F87754-A366-96FA-CB92-6484975D582A}.Debug|Any CPU.Build.0 = Debug|Any CPU
		{D9F87754-A366-96FA-CB92-6484975D582A}.Release|Any CPU.ActiveCfg = Release|Any CPU
		{D9F87754-A366-96FA-CB92-6484975D582A}.Release|Any CPU.Build.0 = Release|Any CPU
		{A82DCC7B-72FB-6E94-37CD-D2F4285C109B}.Debug|Any CPU.ActiveCfg = Debug|Any CPU
		{A82DCC7B-72FB-6E94-37CD-D2F4285C109B}.Debug|Any CPU.Build.0 = Debug|Any CPU
		{A82DCC7B-72FB-6E94-37CD-D2F4285C109B}.Release|Any CPU.ActiveCfg = Release|Any CPU
		{A82DCC7B-72FB-6E94-37CD-D2F4285C109B}.Release|Any CPU.Build.0 = Release|Any CPU
	EndGlobalSection
	GlobalSection(SolutionProperties) = preSolution
		HideSolutionNode = FALSE
	EndGlobalSection
EndGlobal
